
Microsoft Visual Studio Solution File, Format Version 12.00
# Visual Studio 2013
VisualStudioVersion = 12.0.30110.0
MinimumVisualStudioVersion = 10.0.40219.1
Project("{FAE04EC0-301F-11D3-BF4B-00C04F79EFBC}") = "WebSite", "TestRepository\WebSite.csproj", "{08E769AB-DB09-407D-AB1E-D61C6F4A53F0}"
EndProject
Project("{FAE04EC0-301F-11D3-BF4B-00C04F79EFBC}") = "Test.Model", "DAL\Test.Model.csproj", "{DC7EC9A6-BCFB-4ABF-988E-3B5E4A7665F2}"
EndProject
Project("{FAE04EC0-301F-11D3-BF4B-00C04F79EFBC}") = "Test.DataProvider", "Test.Repository\Test.DataProvider.csproj", "{76B50EAF-6CC5-4C95-AE8D-D3F610281F8B}"
EndProject
Project("{FAE04EC0-301F-11D3-BF4B-00C04F79EFBC}") = "Test.Logic", "Test.Logic\Test.Logic.csproj", "{10825A5B-94C4-45D1-94DF-F1E9F9E18112}"
EndProject
Global
	GlobalSection(SolutionConfigurationPlatforms) = preSolution
		Debug|Any CPU = Debug|Any CPU
		Release|Any CPU = Release|Any CPU
	EndGlobalSection
	GlobalSection(ProjectConfigurationPlatforms) = postSolution
		{08E769AB-DB09-407D-AB1E-D61C6F4A53F0}.Debug|Any CPU.ActiveCfg = Debug|Any CPU
		{08E769AB-DB09-407D-AB1E-D61C6F4A53F0}.Debug|Any CPU.Build.0 = Debug|Any CPU
		{08E769AB-DB09-407D-AB1E-D61C6F4A53F0}.Release|Any CPU.ActiveCfg = Release|Any CPU
		{08E769AB-DB09-407D-AB1E-D61C6F4A53F0}.Release|Any CPU.Build.0 = Release|Any CPU
		{DC7EC9A6-BCFB-4ABF-988E-3B5E4A7665F2}.Debug|Any CPU.ActiveCfg = Debug|Any CPU
		{DC7EC9A6-BCFB-4ABF-988E-3B5E4A7665F2}.Debug|Any CPU.Build.0 = Debug|Any CPU
		{DC7EC9A6-BCFB-4ABF-988E-3B5E4A7665F2}.Release|Any CPU.ActiveCfg = Release|Any CPU
		{DC7EC9A6-BCFB-4ABF-988E-3B5E4A7665F2}.Release|Any CPU.Build.0 = Release|Any CPU
		{76B50EAF-6CC5-4C95-AE8D-D3F610281F8B}.Debug|Any CPU.ActiveCfg = Debug|Any CPU
		{76B50EAF-6CC5-4C95-AE8D-D3F610281F8B}.Debug|Any CPU.Build.0 = Debug|Any CPU
		{76B50EAF-6CC5-4C95-AE8D-D3F610281F8B}.Release|Any CPU.ActiveCfg = Release|Any CPU
		{76B50EAF-6CC5-4C95-AE8D-D3F610281F8B}.Release|Any CPU.Build.0 = Release|Any CPU
		{10825A5B-94C4-45D1-94DF-F1E9F9E18112}.Debug|Any CPU.ActiveCfg = Debug|Any CPU
		{10825A5B-94C4-45D1-94DF-F1E9F9E18112}.Debug|Any CPU.Build.0 = Debug|Any CPU
		{10825A5B-94C4-45D1-94DF-F1E9F9E18112}.Release|Any CPU.ActiveCfg = Release|Any CPU
		{10825A5B-94C4-45D1-94DF-F1E9F9E18112}.Release|Any CPU.Build.0 = Release|Any CPU
	EndGlobalSection
	GlobalSection(SolutionProperties) = preSolution
		HideSolutionNode = FALSE
	EndGlobalSection
EndGlobal
